// !$*UTF8*$!
{
	archiveVersion = 1;
	classes = {
	};
	objectVersion = 55;
	objects = {

/* Begin PBXBuildFile section */
		DF175C65282D2BC900D4B0CC /* ProgressCircle.swift in Sources */ = {isa = PBXBuildFile; fileRef = DF175C64282D2BC900D4B0CC /* ProgressCircle.swift */; };
		DF175C67282E9DFF00D4B0CC /* InitialForm.swift in Sources */ = {isa = PBXBuildFile; fileRef = DF175C66282E9DFF00D4B0CC /* InitialForm.swift */; };
		DF1989902836AA3000076DCE /* NewHaircut.swift in Sources */ = {isa = PBXBuildFile; fileRef = DF19898F2836AA3000076DCE /* NewHaircut.swift */; };
		DF1989922836B3F200076DCE /* newHaircutForm.swift in Sources */ = {isa = PBXBuildFile; fileRef = DF1989912836B3F200076DCE /* newHaircutForm.swift */; };
		DF6BEB09282BD86A00528EA6 /* naReguaApp.swift in Sources */ = {isa = PBXBuildFile; fileRef = DF6BEB08282BD86A00528EA6 /* naReguaApp.swift */; };
		DF6BEB0B282BD86A00528EA6 /* HaircutInfoView.swift in Sources */ = {isa = PBXBuildFile; fileRef = DF6BEB0A282BD86A00528EA6 /* HaircutInfoView.swift */; };
		DF6BEB0D282BD86B00528EA6 /* Assets.xcassets in Resources */ = {isa = PBXBuildFile; fileRef = DF6BEB0C282BD86B00528EA6 /* Assets.xcassets */; };
		DF6BEB10282BD86B00528EA6 /* Preview Assets.xcassets in Resources */ = {isa = PBXBuildFile; fileRef = DF6BEB0F282BD86B00528EA6 /* Preview Assets.xcassets */; };
		DF6BEB1A282BD86B00528EA6 /* naReguaTests.swift in Sources */ = {isa = PBXBuildFile; fileRef = DF6BEB19282BD86B00528EA6 /* naReguaTests.swift */; };
		DF6BEB24282BD86B00528EA6 /* naReguaUITests.swift in Sources */ = {isa = PBXBuildFile; fileRef = DF6BEB23282BD86B00528EA6 /* naReguaUITests.swift */; };
		DF6BEB26282BD86B00528EA6 /* naReguaUITestsLaunchTests.swift in Sources */ = {isa = PBXBuildFile; fileRef = DF6BEB25282BD86B00528EA6 /* naReguaUITestsLaunchTests.swift */; };
		DF6BEB35282BD9F600528EA6 /* Header.swift in Sources */ = {isa = PBXBuildFile; fileRef = DF6BEB34282BD9F600528EA6 /* Header.swift */; };
		DF6BEB37282BDE3C00528EA6 /* Haircut.swift in Sources */ = {isa = PBXBuildFile; fileRef = DF6BEB36282BDE3C00528EA6 /* Haircut.swift */; };
		DF6BEB3A282BDEA800528EA6 /* User.swift in Sources */ = {isa = PBXBuildFile; fileRef = DF6BEB39282BDEA800528EA6 /* User.swift */; };
		DF6BEB3E282BE04D00528EA6 /* HeaderBackgroundImage.swift in Sources */ = {isa = PBXBuildFile; fileRef = DF6BEB3D282BE04D00528EA6 /* HeaderBackgroundImage.swift */; };
		DF8BE95228328EF90084AA62 /* HairCutIcon.swift in Sources */ = {isa = PBXBuildFile; fileRef = DF8BE95128328EF90084AA62 /* HairCutIcon.swift */; };
		DF8BE954283297FC0084AA62 /* InfoList.swift in Sources */ = {isa = PBXBuildFile; fileRef = DF8BE953283297FC0084AA62 /* InfoList.swift */; };
/* End PBXBuildFile section */

/* Begin PBXContainerItemProxy section */
		DF6BEB16282BD86B00528EA6 /* PBXContainerItemProxy */ = {
			isa = PBXContainerItemProxy;
			containerPortal = DF6BEAFD282BD86A00528EA6 /* Project object */;
			proxyType = 1;
			remoteGlobalIDString = DF6BEB04282BD86A00528EA6;
			remoteInfo = onRegua;
		};
		DF6BEB20282BD86B00528EA6 /* PBXContainerItemProxy */ = {
			isa = PBXContainerItemProxy;
			containerPortal = DF6BEAFD282BD86A00528EA6 /* Project object */;
			proxyType = 1;
			remoteGlobalIDString = DF6BEB04282BD86A00528EA6;
			remoteInfo = onRegua;
		};
/* End PBXContainerItemProxy section */

/* Begin PBXFileReference section */
		DF175C64282D2BC900D4B0CC /* ProgressCircle.swift */ = {isa = PBXFileReference; lastKnownFileType = sourcecode.swift; path = ProgressCircle.swift; sourceTree = "<group>"; };
		DF175C66282E9DFF00D4B0CC /* InitialForm.swift */ = {isa = PBXFileReference; lastKnownFileType = sourcecode.swift; path = InitialForm.swift; sourceTree = "<group>"; };
		DF19898F2836AA3000076DCE /* NewHaircut.swift */ = {isa = PBXFileReference; lastKnownFileType = sourcecode.swift; path = NewHaircut.swift; sourceTree = "<group>"; };
		DF1989912836B3F200076DCE /* newHaircutForm.swift */ = {isa = PBXFileReference; lastKnownFileType = sourcecode.swift; path = newHaircutForm.swift; sourceTree = "<group>"; };
		DF6BEB05282BD86A00528EA6 /* naRegua.app */ = {isa = PBXFileReference; explicitFileType = wrapper.application; includeInIndex = 0; path = naRegua.app; sourceTree = BUILT_PRODUCTS_DIR; };
		DF6BEB08282BD86A00528EA6 /* naReguaApp.swift */ = {isa = PBXFileReference; lastKnownFileType = sourcecode.swift; path = naReguaApp.swift; sourceTree = "<group>"; };
		DF6BEB0A282BD86A00528EA6 /* HaircutInfoView.swift */ = {isa = PBXFileReference; lastKnownFileType = sourcecode.swift; path = HaircutInfoView.swift; sourceTree = "<group>"; };
		DF6BEB0C282BD86B00528EA6 /* Assets.xcassets */ = {isa = PBXFileReference; lastKnownFileType = folder.assetcatalog; path = Assets.xcassets; sourceTree = "<group>"; };
		DF6BEB0F282BD86B00528EA6 /* Preview Assets.xcassets */ = {isa = PBXFileReference; lastKnownFileType = folder.assetcatalog; path = "Preview Assets.xcassets"; sourceTree = "<group>"; };
		DF6BEB15282BD86B00528EA6 /* naReguaTests.xctest */ = {isa = PBXFileReference; explicitFileType = wrapper.cfbundle; includeInIndex = 0; path = naReguaTests.xctest; sourceTree = BUILT_PRODUCTS_DIR; };
		DF6BEB19282BD86B00528EA6 /* naReguaTests.swift */ = {isa = PBXFileReference; lastKnownFileType = sourcecode.swift; path = naReguaTests.swift; sourceTree = "<group>"; };
		DF6BEB1F282BD86B00528EA6 /* naReguaUITests.xctest */ = {isa = PBXFileReference; explicitFileType = wrapper.cfbundle; includeInIndex = 0; path = naReguaUITests.xctest; sourceTree = BUILT_PRODUCTS_DIR; };
		DF6BEB23282BD86B00528EA6 /* naReguaUITests.swift */ = {isa = PBXFileReference; lastKnownFileType = sourcecode.swift; path = naReguaUITests.swift; sourceTree = "<group>"; };
		DF6BEB25282BD86B00528EA6 /* naReguaUITestsLaunchTests.swift */ = {isa = PBXFileReference; lastKnownFileType = sourcecode.swift; path = naReguaUITestsLaunchTests.swift; sourceTree = "<group>"; };
		DF6BEB34282BD9F600528EA6 /* Header.swift */ = {isa = PBXFileReference; lastKnownFileType = sourcecode.swift; path = Header.swift; sourceTree = "<group>"; };
		DF6BEB36282BDE3C00528EA6 /* Haircut.swift */ = {isa = PBXFileReference; lastKnownFileType = sourcecode.swift; path = Haircut.swift; sourceTree = "<group>"; };
		DF6BEB39282BDEA800528EA6 /* User.swift */ = {isa = PBXFileReference; lastKnownFileType = sourcecode.swift; path = User.swift; sourceTree = "<group>"; };
		DF6BEB3D282BE04D00528EA6 /* HeaderBackgroundImage.swift */ = {isa = PBXFileReference; lastKnownFileType = sourcecode.swift; path = HeaderBackgroundImage.swift; sourceTree = "<group>"; };
		DF8BE95128328EF90084AA62 /* HairCutIcon.swift */ = {isa = PBXFileReference; lastKnownFileType = sourcecode.swift; path = HairCutIcon.swift; sourceTree = "<group>"; };
		DF8BE953283297FC0084AA62 /* InfoList.swift */ = {isa = PBXFileReference; lastKnownFileType = sourcecode.swift; path = InfoList.swift; sourceTree = "<group>"; };
/* End PBXFileReference section */

/* Begin PBXFrameworksBuildPhase section */
		DF6BEB02282BD86A00528EA6 /* Frameworks */ = {
			isa = PBXFrameworksBuildPhase;
			buildActionMask = 2147483647;
			files = (
			);
			runOnlyForDeploymentPostprocessing = 0;
		};
		DF6BEB12282BD86B00528EA6 /* Frameworks */ = {
			isa = PBXFrameworksBuildPhase;
			buildActionMask = 2147483647;
			files = (
			);
			runOnlyForDeploymentPostprocessing = 0;
		};
		DF6BEB1C282BD86B00528EA6 /* Frameworks */ = {
			isa = PBXFrameworksBuildPhase;
			buildActionMask = 2147483647;
			files = (
			);
			runOnlyForDeploymentPostprocessing = 0;
		};
/* End PBXFrameworksBuildPhase section */

/* Begin PBXGroup section */
		DF175C63282D2BA200D4B0CC /* components */ = {
			isa = PBXGroup;
			children = (
				DF6BEB34282BD9F600528EA6 /* Header.swift */,
				DF175C64282D2BC900D4B0CC /* ProgressCircle.swift */,
				DF8BE953283297FC0084AA62 /* InfoList.swift */,
				DF1989912836B3F200076DCE /* newHaircutForm.swift */,
			);
			path = components;
			sourceTree = "<group>";
		};
		DF6BEAFC282BD86A00528EA6 = {
			isa = PBXGroup;
			children = (
				DF6BEB07282BD86A00528EA6 /* naRegua */,
				DF6BEB18282BD86B00528EA6 /* naReguaTests */,
				DF6BEB22282BD86B00528EA6 /* naReguaUITests */,
				DF6BEB06282BD86A00528EA6 /* Products */,
			);
			sourceTree = "<group>";
		};
		DF6BEB06282BD86A00528EA6 /* Products */ = {
			isa = PBXGroup;
			children = (
				DF6BEB05282BD86A00528EA6 /* naRegua.app */,
				DF6BEB15282BD86B00528EA6 /* naReguaTests.xctest */,
				DF6BEB1F282BD86B00528EA6 /* naReguaUITests.xctest */,
			);
			name = Products;
			sourceTree = "<group>";
		};
		DF6BEB07282BD86A00528EA6 /* naRegua */ = {
			isa = PBXGroup;
			children = (
				DF175C63282D2BA200D4B0CC /* components */,
				DF6BEB3C282BE02900528EA6 /* Views */,
				DF6BEB3B282BE01F00528EA6 /* Images */,
				DF6BEB38282BDE8800528EA6 /* Models */,
				DF6BEB08282BD86A00528EA6 /* naReguaApp.swift */,
				DF6BEB0C282BD86B00528EA6 /* Assets.xcassets */,
				DF6BEB0E282BD86B00528EA6 /* Preview Content */,
			);
			path = naRegua;
			sourceTree = "<group>";
		};
		DF6BEB0E282BD86B00528EA6 /* Preview Content */ = {
			isa = PBXGroup;
			children = (
				DF6BEB0F282BD86B00528EA6 /* Preview Assets.xcassets */,
			);
			path = "Preview Content";
			sourceTree = "<group>";
		};
		DF6BEB18282BD86B00528EA6 /* naReguaTests */ = {
			isa = PBXGroup;
			children = (
				DF6BEB19282BD86B00528EA6 /* naReguaTests.swift */,
			);
			path = naReguaTests;
			sourceTree = "<group>";
		};
		DF6BEB22282BD86B00528EA6 /* naReguaUITests */ = {
			isa = PBXGroup;
			children = (
				DF6BEB23282BD86B00528EA6 /* naReguaUITests.swift */,
				DF6BEB25282BD86B00528EA6 /* naReguaUITestsLaunchTests.swift */,
			);
			path = naReguaUITests;
			sourceTree = "<group>";
		};
		DF6BEB38282BDE8800528EA6 /* Models */ = {
			isa = PBXGroup;
			children = (
				DF6BEB36282BDE3C00528EA6 /* Haircut.swift */,
				DF6BEB39282BDEA800528EA6 /* User.swift */,
			);
			path = Models;
			sourceTree = "<group>";
		};
		DF6BEB3B282BE01F00528EA6 /* Images */ = {
			isa = PBXGroup;
			children = (
				DF6BEB3D282BE04D00528EA6 /* HeaderBackgroundImage.swift */,
				DF8BE95128328EF90084AA62 /* HairCutIcon.swift */,
			);
			path = Images;
			sourceTree = "<group>";
		};
		DF6BEB3C282BE02900528EA6 /* Views */ = {
			isa = PBXGroup;
			children = (
				DF6BEB0A282BD86A00528EA6 /* HaircutInfoView.swift */,
				DF175C66282E9DFF00D4B0CC /* InitialForm.swift */,
				DF19898F2836AA3000076DCE /* NewHaircut.swift */,
			);
			path = Views;
			sourceTree = "<group>";
		};
/* End PBXGroup section */

/* Begin PBXNativeTarget section */
		DF6BEB04282BD86A00528EA6 /* naRegua */ = {
			isa = PBXNativeTarget;
			buildConfigurationList = DF6BEB29282BD86B00528EA6 /* Build configuration list for PBXNativeTarget "naRegua" */;
			buildPhases = (
				DF6BEB01282BD86A00528EA6 /* Sources */,
				DF6BEB02282BD86A00528EA6 /* Frameworks */,
				DF6BEB03282BD86A00528EA6 /* Resources */,
			);
			buildRules = (
			);
			dependencies = (
			);
			name = naRegua;
			productName = onRegua;
			productReference = DF6BEB05282BD86A00528EA6 /* naRegua.app */;
			productType = "com.apple.product-type.application";
		};
		DF6BEB14282BD86B00528EA6 /* naReguaTests */ = {
			isa = PBXNativeTarget;
			buildConfigurationList = DF6BEB2C282BD86B00528EA6 /* Build configuration list for PBXNativeTarget "naReguaTests" */;
			buildPhases = (
				DF6BEB11282BD86B00528EA6 /* Sources */,
				DF6BEB12282BD86B00528EA6 /* Frameworks */,
				DF6BEB13282BD86B00528EA6 /* Resources */,
			);
			buildRules = (
			);
			dependencies = (
				DF6BEB17282BD86B00528EA6 /* PBXTargetDependency */,
			);
			name = naReguaTests;
			productName = onReguaTests;
			productReference = DF6BEB15282BD86B00528EA6 /* naReguaTests.xctest */;
			productType = "com.apple.product-type.bundle.unit-test";
		};
		DF6BEB1E282BD86B00528EA6 /* naReguaUITests */ = {
			isa = PBXNativeTarget;
			buildConfigurationList = DF6BEB2F282BD86B00528EA6 /* Build configuration list for PBXNativeTarget "naReguaUITests" */;
			buildPhases = (
				DF6BEB1B282BD86B00528EA6 /* Sources */,
				DF6BEB1C282BD86B00528EA6 /* Frameworks */,
				DF6BEB1D282BD86B00528EA6 /* Resources */,
			);
			buildRules = (
			);
			dependencies = (
				DF6BEB21282BD86B00528EA6 /* PBXTargetDependency */,
			);
			name = naReguaUITests;
			productName = onReguaUITests;
			productReference = DF6BEB1F282BD86B00528EA6 /* naReguaUITests.xctest */;
			productType = "com.apple.product-type.bundle.ui-testing";
		};
/* End PBXNativeTarget section */

/* Begin PBXProject section */
		DF6BEAFD282BD86A00528EA6 /* Project object */ = {
			isa = PBXProject;
			attributes = {
				BuildIndependentTargetsInParallel = 1;
				LastSwiftUpdateCheck = 1330;
				LastUpgradeCheck = 1330;
				TargetAttributes = {
					DF6BEB04282BD86A00528EA6 = {
						CreatedOnToolsVersion = 13.3.1;
					};
					DF6BEB14282BD86B00528EA6 = {
						CreatedOnToolsVersion = 13.3.1;
						TestTargetID = DF6BEB04282BD86A00528EA6;
					};
					DF6BEB1E282BD86B00528EA6 = {
						CreatedOnToolsVersion = 13.3.1;
						TestTargetID = DF6BEB04282BD86A00528EA6;
					};
				};
			};
			buildConfigurationList = DF6BEB00282BD86A00528EA6 /* Build configuration list for PBXProject "naRegua" */;
			compatibilityVersion = "Xcode 13.0";
			developmentRegion = en;
			hasScannedForEncodings = 0;
			knownRegions = (
				en,
				Base,
			);
			mainGroup = DF6BEAFC282BD86A00528EA6;
			productRefGroup = DF6BEB06282BD86A00528EA6 /* Products */;
			projectDirPath = "";
			projectRoot = "";
			targets = (
				DF6BEB04282BD86A00528EA6 /* naRegua */,
				DF6BEB14282BD86B00528EA6 /* naReguaTests */,
				DF6BEB1E282BD86B00528EA6 /* naReguaUITests */,
			);
		};
/* End PBXProject section */

/* Begin PBXResourcesBuildPhase section */
		DF6BEB03282BD86A00528EA6 /* Resources */ = {
			isa = PBXResourcesBuildPhase;
			buildActionMask = 2147483647;
			files = (
				DF6BEB10282BD86B00528EA6 /* Preview Assets.xcassets in Resources */,
				DF6BEB0D282BD86B00528EA6 /* Assets.xcassets in Resources */,
			);
			runOnlyForDeploymentPostprocessing = 0;
		};
		DF6BEB13282BD86B00528EA6 /* Resources */ = {
			isa = PBXResourcesBuildPhase;
			buildActionMask = 2147483647;
			files = (
			);
			runOnlyForDeploymentPostprocessing = 0;
		};
		DF6BEB1D282BD86B00528EA6 /* Resources */ = {
			isa = PBXResourcesBuildPhase;
			buildActionMask = 2147483647;
			files = (
			);
			runOnlyForDeploymentPostprocessing = 0;
		};
/* End PBXResourcesBuildPhase section */

/* Begin PBXSourcesBuildPhase section */
		DF6BEB01282BD86A00528EA6 /* Sources */ = {
			isa = PBXSourcesBuildPhase;
			buildActionMask = 2147483647;
			files = (
				DF6BEB37282BDE3C00528EA6 /* Haircut.swift in Sources */,
				DF8BE954283297FC0084AA62 /* InfoList.swift in Sources */,
				DF8BE95228328EF90084AA62 /* HairCutIcon.swift in Sources */,
				DF6BEB0B282BD86A00528EA6 /* HaircutInfoView.swift in Sources */,
				DF175C67282E9DFF00D4B0CC /* InitialForm.swift in Sources */,
				DF1989902836AA3000076DCE /* NewHaircut.swift in Sources */,
				DF6BEB35282BD9F600528EA6 /* Header.swift in Sources */,
				DF6BEB3A282BDEA800528EA6 /* User.swift in Sources */,
				DF175C65282D2BC900D4B0CC /* ProgressCircle.swift in Sources */,
				DF1989922836B3F200076DCE /* newHaircutForm.swift in Sources */,
				DF6BEB3E282BE04D00528EA6 /* HeaderBackgroundImage.swift in Sources */,
				DF6BEB09282BD86A00528EA6 /* naReguaApp.swift in Sources */,
			);
			runOnlyForDeploymentPostprocessing = 0;
		};
		DF6BEB11282BD86B00528EA6 /* Sources */ = {
			isa = PBXSourcesBuildPhase;
			buildActionMask = 2147483647;
			files = (
				DF6BEB1A282BD86B00528EA6 /* naReguaTests.swift in Sources */,
			);
			runOnlyForDeploymentPostprocessing = 0;
		};
		DF6BEB1B282BD86B00528EA6 /* Sources */ = {
			isa = PBXSourcesBuildPhase;
			buildActionMask = 2147483647;
			files = (
				DF6BEB26282BD86B00528EA6 /* naReguaUITestsLaunchTests.swift in Sources */,
				DF6BEB24282BD86B00528EA6 /* naReguaUITests.swift in Sources */,
			);
			runOnlyForDeploymentPostprocessing = 0;
		};
/* End PBXSourcesBuildPhase section */

/* Begin PBXTargetDependency section */
		DF6BEB17282BD86B00528EA6 /* PBXTargetDependency */ = {
			isa = PBXTargetDependency;
			target = DF6BEB04282BD86A00528EA6 /* naRegua */;
			targetProxy = DF6BEB16282BD86B00528EA6 /* PBXContainerItemProxy */;
		};
		DF6BEB21282BD86B00528EA6 /* PBXTargetDependency */ = {
			isa = PBXTargetDependency;
			target = DF6BEB04282BD86A00528EA6 /* naRegua */;
			targetProxy = DF6BEB20282BD86B00528EA6 /* PBXContainerItemProxy */;
		};
/* End PBXTargetDependency section */

/* Begin XCBuildConfiguration section */
		DF6BEB27282BD86B00528EA6 /* Debug */ = {
			isa = XCBuildConfiguration;
			buildSettings = {
				ALWAYS_SEARCH_USER_PATHS = NO;
				CLANG_ANALYZER_NONNULL = YES;
				CLANG_ANALYZER_NUMBER_OBJECT_CONVERSION = YES_AGGRESSIVE;
				CLANG_CXX_LANGUAGE_STANDARD = "gnu++17";
				CLANG_ENABLE_MODULES = YES;
				CLANG_ENABLE_OBJC_ARC = YES;
				CLANG_ENABLE_OBJC_WEAK = YES;
				CLANG_WARN_BLOCK_CAPTURE_AUTORELEASING = YES;
				CLANG_WARN_BOOL_CONVERSION = YES;
				CLANG_WARN_COMMA = YES;
				CLANG_WARN_CONSTANT_CONVERSION = YES;
				CLANG_WARN_DEPRECATED_OBJC_IMPLEMENTATIONS = YES;
				CLANG_WARN_DIRECT_OBJC_ISA_USAGE = YES_ERROR;
				CLANG_WARN_DOCUMENTATION_COMMENTS = YES;
				CLANG_WARN_EMPTY_BODY = YES;
				CLANG_WARN_ENUM_CONVERSION = YES;
				CLANG_WARN_INFINITE_RECURSION = YES;
				CLANG_WARN_INT_CONVERSION = YES;
				CLANG_WARN_NON_LITERAL_NULL_CONVERSION = YES;
				CLANG_WARN_OBJC_IMPLICIT_RETAIN_SELF = YES;
				CLANG_WARN_OBJC_LITERAL_CONVERSION = YES;
				CLANG_WARN_OBJC_ROOT_CLASS = YES_ERROR;
				CLANG_WARN_QUOTED_INCLUDE_IN_FRAMEWORK_HEADER = YES;
				CLANG_WARN_RANGE_LOOP_ANALYSIS = YES;
				CLANG_WARN_STRICT_PROTOTYPES = YES;
				CLANG_WARN_SUSPICIOUS_MOVE = YES;
				CLANG_WARN_UNGUARDED_AVAILABILITY = YES_AGGRESSIVE;
				CLANG_WARN_UNREACHABLE_CODE = YES;
				CLANG_WARN__DUPLICATE_METHOD_MATCH = YES;
				COPY_PHASE_STRIP = NO;
				DEBUG_INFORMATION_FORMAT = dwarf;
				ENABLE_STRICT_OBJC_MSGSEND = YES;
				ENABLE_TESTABILITY = YES;
				GCC_C_LANGUAGE_STANDARD = gnu11;
				GCC_DYNAMIC_NO_PIC = NO;
				GCC_NO_COMMON_BLOCKS = YES;
				GCC_OPTIMIZATION_LEVEL = 0;
				GCC_PREPROCESSOR_DEFINITIONS = (
					"DEBUG=1",
					"$(inherited)",
				);
				GCC_WARN_64_TO_32_BIT_CONVERSION = YES;
				GCC_WARN_ABOUT_RETURN_TYPE = YES_ERROR;
				GCC_WARN_UNDECLARED_SELECTOR = YES;
				GCC_WARN_UNINITIALIZED_AUTOS = YES_AGGRESSIVE;
				GCC_WARN_UNUSED_FUNCTION = YES;
				GCC_WARN_UNUSED_VARIABLE = YES;
				IPHONEOS_DEPLOYMENT_TARGET = 15.4;
				MTL_ENABLE_DEBUG_INFO = INCLUDE_SOURCE;
				MTL_FAST_MATH = YES;
				ONLY_ACTIVE_ARCH = YES;
				SDKROOT = iphoneos;
				SWIFT_ACTIVE_COMPILATION_CONDITIONS = DEBUG;
				SWIFT_OPTIMIZATION_LEVEL = "-Onone";
			};
			name = Debug;
		};
		DF6BEB28282BD86B00528EA6 /* Release */ = {
			isa = XCBuildConfiguration;
			buildSettings = {
				ALWAYS_SEARCH_USER_PATHS = NO;
				CLANG_ANALYZER_NONNULL = YES;
				CLANG_ANALYZER_NUMBER_OBJECT_CONVERSION = YES_AGGRESSIVE;
				CLANG_CXX_LANGUAGE_STANDARD = "gnu++17";
				CLANG_ENABLE_MODULES = YES;
				CLANG_ENABLE_OBJC_ARC = YES;
				CLANG_ENABLE_OBJC_WEAK = YES;
				CLANG_WARN_BLOCK_CAPTURE_AUTORELEASING = YES;
				CLANG_WARN_BOOL_CONVERSION = YES;
				CLANG_WARN_COMMA = YES;
				CLANG_WARN_CONSTANT_CONVERSION = YES;
				CLANG_WARN_DEPRECATED_OBJC_IMPLEMENTATIONS = YES;
				CLANG_WARN_DIRECT_OBJC_ISA_USAGE = YES_ERROR;
				CLANG_WARN_DOCUMENTATION_COMMENTS = YES;
				CLANG_WARN_EMPTY_BODY = YES;
				CLANG_WARN_ENUM_CONVERSION = YES;
				CLANG_WARN_INFINITE_RECURSION = YES;
				CLANG_WARN_INT_CONVERSION = YES;
				CLANG_WARN_NON_LITERAL_NULL_CONVERSION = YES;
				CLANG_WARN_OBJC_IMPLICIT_RETAIN_SELF = YES;
				CLANG_WARN_OBJC_LITERAL_CONVERSION = YES;
				CLANG_WARN_OBJC_ROOT_CLASS = YES_ERROR;
				CLANG_WARN_QUOTED_INCLUDE_IN_FRAMEWORK_HEADER = YES;
				CLANG_WARN_RANGE_LOOP_ANALYSIS = YES;
				CLANG_WARN_STRICT_PROTOTYPES = YES;
				CLANG_WARN_SUSPICIOUS_MOVE = YES;
				CLANG_WARN_UNGUARDED_AVAILABILITY = YES_AGGRESSIVE;
				CLANG_WARN_UNREACHABLE_CODE = YES;
				CLANG_WARN__DUPLICATE_METHOD_MATCH = YES;
				COPY_PHASE_STRIP = NO;
				DEBUG_INFORMATION_FORMAT = "dwarf-with-dsym";
				ENABLE_NS_ASSERTIONS = NO;
				ENABLE_STRICT_OBJC_MSGSEND = YES;
				GCC_C_LANGUAGE_STANDARD = gnu11;
				GCC_NO_COMMON_BLOCKS = YES;
				GCC_WARN_64_TO_32_BIT_CONVERSION = YES;
				GCC_WARN_ABOUT_RETURN_TYPE = YES_ERROR;
				GCC_WARN_UNDECLARED_SELECTOR = YES;
				GCC_WARN_UNINITIALIZED_AUTOS = YES_AGGRESSIVE;
				GCC_WARN_UNUSED_FUNCTION = YES;
				GCC_WARN_UNUSED_VARIABLE = YES;
				IPHONEOS_DEPLOYMENT_TARGET = 15.4;
				MTL_ENABLE_DEBUG_INFO = NO;
				MTL_FAST_MATH = YES;
				SDKROOT = iphoneos;
				SWIFT_COMPILATION_MODE = wholemodule;
				SWIFT_OPTIMIZATION_LEVEL = "-O";
				VALIDATE_PRODUCT = YES;
			};
			name = Release;
		};
		DF6BEB2A282BD86B00528EA6 /* Debug */ = {
			isa = XCBuildConfiguration;
			buildSettings = {
				ASSETCATALOG_COMPILER_APPICON_NAME = AppIcon;
				ASSETCATALOG_COMPILER_GLOBAL_ACCENT_COLOR_NAME = AccentColor;
				CODE_SIGN_STYLE = Automatic;
				CURRENT_PROJECT_VERSION = 1;
				DEVELOPMENT_ASSET_PATHS = "\"naRegua/Preview Content\"";
				DEVELOPMENT_TEAM = 3PC4MSN8T7;
				ENABLE_PREVIEWS = YES;
				GENERATE_INFOPLIST_FILE = YES;
				INFOPLIST_KEY_UIApplicationSceneManifest_Generation = YES;
				INFOPLIST_KEY_UIApplicationSupportsIndirectInputEvents = YES;
				INFOPLIST_KEY_UILaunchScreen_Generation = YES;
				INFOPLIST_KEY_UISupportedInterfaceOrientations_iPad = "UIInterfaceOrientationPortrait UIInterfaceOrientationPortraitUpsideDown UIInterfaceOrientationLandscapeLeft UIInterfaceOrientationLandscapeRight";
				INFOPLIST_KEY_UISupportedInterfaceOrientations_iPhone = "UIInterfaceOrientationPortrait UIInterfaceOrientationLandscapeLeft UIInterfaceOrientationLandscapeRight";
				LD_RUNPATH_SEARCH_PATHS = (
					"$(inherited)",
					"@executable_path/Frameworks",
				);
				MARKETING_VERSION = 1.0;
				PRODUCT_BUNDLE_IDENTIFIER = yago.naRegua;
				PRODUCT_NAME = naRegua;
				SWIFT_EMIT_LOC_STRINGS = YES;
				SWIFT_VERSION = 5.0;
				TARGETED_DEVICE_FAMILY = "1,2";
			};
			name = Debug;
		};
		DF6BEB2B282BD86B00528EA6 /* Release */ = {
			isa = XCBuildConfiguration;
			buildSettings = {
				ASSETCATALOG_COMPILER_APPICON_NAME = AppIcon;
				ASSETCATALOG_COMPILER_GLOBAL_ACCENT_COLOR_NAME = AccentColor;
				CODE_SIGN_STYLE = Automatic;
				CURRENT_PROJECT_VERSION = 1;
				DEVELOPMENT_ASSET_PATHS = "\"naRegua/Preview Content\"";
				DEVELOPMENT_TEAM = 3PC4MSN8T7;
				ENABLE_PREVIEWS = YES;
				GENERATE_INFOPLIST_FILE = YES;
				INFOPLIST_KEY_UIApplicationSceneManifest_Generation = YES;
				INFOPLIST_KEY_UIApplicationSupportsIndirectInputEvents = YES;
				INFOPLIST_KEY_UILaunchScreen_Generation = YES;
				INFOPLIST_KEY_UISupportedInterfaceOrientations_iPad = "UIInterfaceOrientationPortrait UIInterfaceOrientationPortraitUpsideDown UIInterfaceOrientationLandscapeLeft UIInterfaceOrientationLandscapeRight";
				INFOPLIST_KEY_UISupportedInterfaceOrientations_iPhone = "UIInterfaceOrientationPortrait UIInterfaceOrientationLandscapeLeft UIInterfaceOrientationLandscapeRight";
				LD_RUNPATH_SEARCH_PATHS = (
					"$(inherited)",
					"@executable_path/Frameworks",
				);
				MARKETING_VERSION = 1.0;
				PRODUCT_BUNDLE_IDENTIFIER = yago.naRegua;
				PRODUCT_NAME = naRegua;
				SWIFT_EMIT_LOC_STRINGS = YES;
				SWIFT_VERSION = 5.0;
				TARGETED_DEVICE_FAMILY = "1,2";
			};
			name = Release;
		};
		DF6BEB2D282BD86B00528EA6 /* Debug */ = {
			isa = XCBuildConfiguration;
			buildSettings = {
				ALWAYS_EMBED_SWIFT_STANDARD_LIBRARIES = YES;
				BUNDLE_LOADER = "$(TEST_HOST)";
				CODE_SIGN_STYLE = Automatic;
				CURRENT_PROJECT_VERSION = 1;
				DEVELOPMENT_TEAM = 3PC4MSN8T7;
				GENERATE_INFOPLIST_FILE = YES;
				IPHONEOS_DEPLOYMENT_TARGET = 15.4;
				MARKETING_VERSION = 1.0;
				PRODUCT_BUNDLE_IDENTIFIER = yago.onReguaTests;
				PRODUCT_NAME = "$(TARGET_NAME)";
				SWIFT_EMIT_LOC_STRINGS = NO;
				SWIFT_VERSION = 5.0;
				TARGETED_DEVICE_FAMILY = "1,2";
				TEST_HOST = "$(BUILT_PRODUCTS_DIR)/naRegua.app/naRegua";
			};
			name = Debug;
		};
		DF6BEB2E282BD86B00528EA6 /* Release */ = {
			isa = XCBuildConfiguration;
			buildSettings = {
				ALWAYS_EMBED_SWIFT_STANDARD_LIBRARIES = YES;
				BUNDLE_LOADER = "$(TEST_HOST)";
				CODE_SIGN_STYLE = Automatic;
				CURRENT_PROJECT_VERSION = 1;
				DEVELOPMENT_TEAM = 3PC4MSN8T7;
				GENERATE_INFOPLIST_FILE = YES;
				IPHONEOS_DEPLOYMENT_TARGET = 15.4;
				MARKETING_VERSION = 1.0;
				PRODUCT_BUNDLE_IDENTIFIER = yago.onReguaTests;
				PRODUCT_NAME = "$(TARGET_NAME)";
				SWIFT_EMIT_LOC_STRINGS = NO;
				SWIFT_VERSION = 5.0;
				TARGETED_DEVICE_FAMILY = "1,2";
				TEST_HOST = "$(BUILT_PRODUCTS_DIR)/naRegua.app/naRegua";
			};
			name = Release;
		};
		DF6BEB30282BD86B00528EA6 /* Debug */ = {
			isa = XCBuildConfiguration;
			buildSettings = {
				ALWAYS_EMBED_SWIFT_STANDARD_LIBRARIES = YES;
				CODE_SIGN_STYLE = Automatic;
				CURRENT_PROJECT_VERSION = 1;
				DEVELOPMENT_TEAM = 3PC4MSN8T7;
				GENERATE_INFOPLIST_FILE = YES;
				MARKETING_VERSION = 1.0;
				PRODUCT_BUNDLE_IDENTIFIER = yago.naReguaUITests;
				PRODUCT_NAME = "$(TARGET_NAME)";
				SWIFT_EMIT_LOC_STRINGS = NO;
				SWIFT_VERSION = 5.0;
				TARGETED_DEVICE_FAMILY = "1,2";
				TEST_TARGET_NAME = naRegua;
			};
			name = Debug;
		};
		DF6BEB31282BD86B00528EA6 /* Release */ = {
			isa = XCBuildConfiguration;
			buildSettings = {
				ALWAYS_EMBED_SWIFT_STANDARD_LIBRARIES = YES;
				CODE_SIGN_STYLE = Automatic;
				CURRENT_PROJECT_VERSION = 1;
				DEVELOPMENT_TEAM = 3PC4MSN8T7;
				GENERATE_INFOPLIST_FILE = YES;
				MARKETING_VERSION = 1.0;
				PRODUCT_BUNDLE_IDENTIFIER = yago.naReguaUITests;
				PRODUCT_NAME = "$(TARGET_NAME)";
				SWIFT_EMIT_LOC_STRINGS = NO;
				SWIFT_VERSION = 5.0;
				TARGETED_DEVICE_FAMILY = "1,2";
				TEST_TARGET_NAME = naRegua;
			};
			name = Release;
		};
/* End XCBuildConfiguration section */

/* Begin XCConfigurationList section */
		DF6BEB00282BD86A00528EA6 /* Build configuration list for PBXProject "naRegua" */ = {
			isa = XCConfigurationList;
			buildConfigurations = (
				DF6BEB27282BD86B00528EA6 /* Debug */,
				DF6BEB28282BD86B00528EA6 /* Release */,
			);
			defaultConfigurationIsVisible = 0;
			defaultConfigurationName = Release;
		};
		DF6BEB29282BD86B00528EA6 /* Build configuration list for PBXNativeTarget "naRegua" */ = {
			isa = XCConfigurationList;
			buildConfigurations = (
				DF6BEB2A282BD86B00528EA6 /* Debug */,
				DF6BEB2B282BD86B00528EA6 /* Release */,
			);
			defaultConfigurationIsVisible = 0;
			defaultConfigurationName = Release;
		};
		DF6BEB2C282BD86B00528EA6 /* Build configuration list for PBXNativeTarget "naReguaTests" */ = {
			isa = XCConfigurationList;
			buildConfigurations = (
				DF6BEB2D282BD86B00528EA6 /* Debug */,
				DF6BEB2E282BD86B00528EA6 /* Release */,
			);
			defaultConfigurationIsVisible = 0;
			defaultConfigurationName = Release;
		};
		DF6BEB2F282BD86B00528EA6 /* Build configuration list for PBXNativeTarget "naReguaUITests" */ = {
			isa = XCConfigurationList;
			buildConfigurations = (
				DF6BEB30282BD86B00528EA6 /* Debug */,
				DF6BEB31282BD86B00528EA6 /* Release */,
			);
			defaultConfigurationIsVisible = 0;
			defaultConfigurationName = Release;
		};
/* End XCConfigurationList section */
	};
	rootObject = DF6BEAFD282BD86A00528EA6 /* Project object */;
}
